channels:
  - conda-forge
dependencies:
  - _libgcc_mutex=0.1=conda_forge
  - _openmp_mutex=4.5=2_gnu
  - abseil-cpp=20211102.0=h93e1e8c_3
  - absl-py=1.4.0=pyhd8ed1ab_0
  - appdirs=1.4.4=pyh9f0ad1d_0
  - brotlipy=0.7.0=py39hb9d737c_1005
  - bzip2=1.0.8=h7f98852_4
  - c-ares=1.18.1=h7f98852_0
  - ca-certificates=2022.12.7=ha878542_0
  - certifi=2022.12.7=pyhd8ed1ab_0
  - cffi=1.15.1=py39he91dace_3
  - charset-normalizer=2.1.1=pyhd8ed1ab_0
  - colorama=0.4.6=pyhd8ed1ab_0
  - cryptography=39.0.1=py39h079d5ae_0
  - grpc-cpp=1.44.0=hcdabb28_6
  - idna=3.4=pyhd8ed1ab_0
  - jax=0.2.21=pyhd8ed1ab_0
  - jaxlib=0.3.0=py39hf127329_3
  - joblib=1.2.0=pyhd8ed1ab_0
  - ld_impl_linux-64=2.40=h41732ed_0
  - libabseil=20211102.0=cxx17_h48a1fff_3
  - libblas=3.9.0=16_linux64_openblas
  - libcblas=3.9.0=16_linux64_openblas
  - libffi=3.4.2=h7f98852_5
  - libgcc-ng=12.2.0=h65d4601_19
  - libgfortran-ng=12.2.0=h69a702a_19
  - libgfortran5=12.2.0=h337968e_19
  - libgomp=12.2.0=h65d4601_19
  - liblapack=3.9.0=16_linux64_openblas
  - libnsl=2.0.0=h7f98852_0
  - libopenblas=0.3.21=pthreads_h78a6416_3
  - libprotobuf=3.20.2=h6239696_0
  - libsqlite=3.40.0=h753d276_0
  - libstdcxx-ng=12.2.0=h46fd767_19
  - libuuid=2.32.1=h7f98852_1000
  - libzlib=1.2.13=h166bdaf_4
  - ncurses=6.3=h27087fc_1
  - numpy=1.24.2=py39h7360e5f_0
  - openssl=3.0.8=h0b41bf4_0
  - opt_einsum=3.3.0=pyhd8ed1ab_1
  - packaging=23.0=pyhd8ed1ab_0
  - pandas=1.5.3=py39h2ad29b5_0
  - pip=23.0=pyhd8ed1ab_0
  - pooch=1.6.0=pyhd8ed1ab_0
  - pycparser=2.21=pyhd8ed1ab_0
  - pyopenssl=23.0.0=pyhd8ed1ab_0
  - pysocks=1.7.1=pyha2e5f31_6
  - python=3.9.16=h2782a2a_0_cpython
  - python-dateutil=2.8.2=pyhd8ed1ab_0
  - python-flatbuffers=23.1.21=pyhd8ed1ab_0
  - python_abi=3.9=3_cp39
  - pytz=2022.7.1=pyhd8ed1ab_0
  - re2=2022.06.01=h27087fc_1
  - readline=8.1.2=h0f457ee_0
  - requests=2.28.2=pyhd8ed1ab_0
  - scikit-learn=1.2.1=py39h86b2a18_0
  - scipy=1.10.0=py39h7360e5f_2
  - setuptools=67.1.0=pyhd8ed1ab_0
  - six=1.16.0=pyh6c4a22f_0
  - threadpoolctl=3.1.0=pyh8a188c0_0
  - tk=8.6.12=h27826a3_0
  - tqdm=4.64.1=pyhd8ed1ab_0
  - tzdata=2022g=h191b570_0
  - urllib3=1.26.14=pyhd8ed1ab_0
  - wheel=0.38.4=pyhd8ed1ab_0
  - xz=5.2.6=h166bdaf_0
  - pip:
    - iterative-stratification==0.1.7
